
Microsoft Visual Studio Solution File, Format Version 12.00
# Visual Studio Version 17
VisualStudioVersion = 17.4.33110.190
MinimumVisualStudioVersion = 10.0.40219.1
Project("{8BC9CEB8-8B4A-11D0-8D11-00A0C91BC942}") = "STL", "STL\STL.vcxproj", "{C0D35D2F-1849-4C78-AEED-2FBEA3F7DEB9}"
EndProject
Project("{8BC9CEB8-8B4A-11D0-8D11-00A0C91BC942}") = "Excepctions", "Excepctions\Excepctions.vcxproj", "{E9D0C634-A3AC-44D7-A5D2-F7083731B092}"
EndProject
Project("{8BC9CEB8-8B4A-11D0-8D11-00A0C91BC942}") = "Associative containers", "Associative containers\Associative containers.vcxproj", "{BBC6B5C4-A616-44BE-8D0A-49F64553D8D0}"
EndProject
Global
	GlobalSection(SolutionConfigurationPlatforms) = preSolution
		Debug|x64 = Debug|x64
		Debug|x86 = Debug|x86
		Release|x64 = Release|x64
		Release|x86 = Release|x86
	EndGlobalSection
	GlobalSection(ProjectConfigurationPlatforms) = postSolution
		{C0D35D2F-1849-4C78-AEED-2FBEA3F7DEB9}.Debug|x64.ActiveCfg = Debug|x64
		{C0D35D2F-1849-4C78-AEED-2FBEA3F7DEB9}.Debug|x64.Build.0 = Debug|x64
		{C0D35D2F-1849-4C78-AEED-2FBEA3F7DEB9}.Debug|x86.ActiveCfg = Debug|Win32
		{C0D35D2F-1849-4C78-AEED-2FBEA3F7DEB9}.Debug|x86.Build.0 = Debug|Win32
		{C0D35D2F-1849-4C78-AEED-2FBEA3F7DEB9}.Release|x64.ActiveCfg = Release|x64
		{C0D35D2F-1849-4C78-AEED-2FBEA3F7DEB9}.Release|x64.Build.0 = Release|x64
		{C0D35D2F-1849-4C78-AEED-2FBEA3F7DEB9}.Release|x86.ActiveCfg = Release|Win32
		{C0D35D2F-1849-4C78-AEED-2FBEA3F7DEB9}.Release|x86.Build.0 = Release|Win32
		{E9D0C634-A3AC-44D7-A5D2-F7083731B092}.Debug|x64.ActiveCfg = Debug|x64
		{E9D0C634-A3AC-44D7-A5D2-F7083731B092}.Debug|x64.Build.0 = Debug|x64
		{E9D0C634-A3AC-44D7-A5D2-F7083731B092}.Debug|x86.ActiveCfg = Debug|Win32
		{E9D0C634-A3AC-44D7-A5D2-F7083731B092}.Debug|x86.Build.0 = Debug|Win32
		{E9D0C634-A3AC-44D7-A5D2-F7083731B092}.Release|x64.ActiveCfg = Release|x64
		{E9D0C634-A3AC-44D7-A5D2-F7083731B092}.Release|x64.Build.0 = Release|x64
		{E9D0C634-A3AC-44D7-A5D2-F7083731B092}.Release|x86.ActiveCfg = Release|Win32
		{E9D0C634-A3AC-44D7-A5D2-F7083731B092}.Release|x86.Build.0 = Release|Win32
		{BBC6B5C4-A616-44BE-8D0A-49F64553D8D0}.Debug|x64.ActiveCfg = Debug|x64
		{BBC6B5C4-A616-44BE-8D0A-49F64553D8D0}.Debug|x64.Build.0 = Debug|x64
		{BBC6B5C4-A616-44BE-8D0A-49F64553D8D0}.Debug|x86.ActiveCfg = Debug|Win32
		{BBC6B5C4-A616-44BE-8D0A-49F64553D8D0}.Debug|x86.Build.0 = Debug|Win32
		{BBC6B5C4-A616-44BE-8D0A-49F64553D8D0}.Release|x64.ActiveCfg = Release|x64
		{BBC6B5C4-A616-44BE-8D0A-49F64553D8D0}.Release|x64.Build.0 = Release|x64
		{BBC6B5C4-A616-44BE-8D0A-49F64553D8D0}.Release|x86.ActiveCfg = Release|Win32
		{BBC6B5C4-A616-44BE-8D0A-49F64553D8D0}.Release|x86.Build.0 = Release|Win32
	EndGlobalSection
	GlobalSection(SolutionProperties) = preSolution
		HideSolutionNode = FALSE
	EndGlobalSection
	GlobalSection(ExtensibilityGlobals) = postSolution
		SolutionGuid = {C40A81BB-9B5A-4432-8F19-5BF1ABA91D7D}
	EndGlobalSection
EndGlobal
